
Microsoft Visual Studio Solution File, Format Version 12.00
# Visual Studio Version 17
VisualStudioVersion = 17.1.32319.34
MinimumVisualStudioVersion = 10.0.40219.1
Project("{888888A0-9F3D-457C-B088-3A5042F75D52}") = "Socket _Programming _Lab1", "Socket _Programming _Lab1.pyproj", "{5C9505D7-6191-4A47-BA9C-0920EEE3F6C7}"
EndProject
Global
	GlobalSection(SolutionConfigurationPlatforms) = preSolution
		Debug|Any CPU = Debug|Any CPU
		Release|Any CPU = Release|Any CPU
	EndGlobalSection
	GlobalSection(ProjectConfigurationPlatforms) = postSolution
		{5C9505D7-6191-4A47-BA9C-0920EEE3F6C7}.Debug|Any CPU.ActiveCfg = Debug|Any CPU
		{5C9505D7-6191-4A47-BA9C-0920EEE3F6C7}.Release|Any CPU.ActiveCfg = Release|Any CPU
	EndGlobalSection
	GlobalSection(SolutionProperties) = preSolution
		HideSolutionNode = FALSE
	EndGlobalSection
	GlobalSection(ExtensibilityGlobals) = postSolution
		SolutionGuid = {6A05CC21-4244-4731-A1F6-B05187013C9E}
	EndGlobalSection
EndGlobal
