
Microsoft Visual Studio Solution File, Format Version 12.00
# Visual Studio Version 17
VisualStudioVersion = 17.1.31911.260
MinimumVisualStudioVersion = 10.0.40219.1
Project("{888888A0-9F3D-457C-B088-3A5042F75D52}") = "SVM Corona Virus", "SVM Corona Virus.pyproj", "{E3D9BEF4-3168-456A-89A0-551E77CBDA09}"
EndProject
Global
	GlobalSection(SolutionConfigurationPlatforms) = preSolution
		Debug|Any CPU = Debug|Any CPU
		Release|Any CPU = Release|Any CPU
	EndGlobalSection
	GlobalSection(ProjectConfigurationPlatforms) = postSolution
		{E3D9BEF4-3168-456A-89A0-551E77CBDA09}.Debug|Any CPU.ActiveCfg = Debug|Any CPU
		{E3D9BEF4-3168-456A-89A0-551E77CBDA09}.Release|Any CPU.ActiveCfg = Release|Any CPU
	EndGlobalSection
	GlobalSection(SolutionProperties) = preSolution
		HideSolutionNode = FALSE
	EndGlobalSection
	GlobalSection(ExtensibilityGlobals) = postSolution
		SolutionGuid = {2B1D98AA-7D4F-4DD3-9B69-2D34BC9F1079}
	EndGlobalSection
EndGlobal
