
Microsoft Visual Studio Solution File, Format Version 12.00
# Visual Studio Version 17
VisualStudioVersion = 17.1.32319.34
MinimumVisualStudioVersion = 10.0.40219.1
Project("{888888A0-9F3D-457C-B088-3A5042F75D52}") = "Biological Sequence Analysis Boyer Moore Good Suffix Rule", "Biological Sequence Analysis Boyer Moore Good Suffix Rule.pyproj", "{99B1A0F9-F4A3-445F-A9D0-24E8B05D4C73}"
EndProject
Global
	GlobalSection(SolutionConfigurationPlatforms) = preSolution
		Debug|Any CPU = Debug|Any CPU
		Release|Any CPU = Release|Any CPU
	EndGlobalSection
	GlobalSection(ProjectConfigurationPlatforms) = postSolution
		{99B1A0F9-F4A3-445F-A9D0-24E8B05D4C73}.Debug|Any CPU.ActiveCfg = Debug|Any CPU
		{99B1A0F9-F4A3-445F-A9D0-24E8B05D4C73}.Release|Any CPU.ActiveCfg = Release|Any CPU
	EndGlobalSection
	GlobalSection(SolutionProperties) = preSolution
		HideSolutionNode = FALSE
	EndGlobalSection
	GlobalSection(ExtensibilityGlobals) = postSolution
		SolutionGuid = {1C311176-5697-454A-9552-14EBA6463687}
	EndGlobalSection
EndGlobal
